
Microsoft Visual Studio Solution File, Format Version 12.00
# Visual Studio Version 17
VisualStudioVersion = 17.6.33829.357
MinimumVisualStudioVersion = 10.0.40219.1
Project("{9A19103F-16F7-4668-BE54-9A1E7A4F7556}") = "UniversityCompetition", "UniversityCompetition.csproj", "{148CF7BB-01E7-453B-9A6E-1686B6869814}"
EndProject
Global
	GlobalSection(SolutionConfigurationPlatforms) = preSolution
		Debug|Any CPU = Debug|Any CPU
		Release|Any CPU = Release|Any CPU
	EndGlobalSection
	GlobalSection(ProjectConfigurationPlatforms) = postSolution
		{148CF7BB-01E7-453B-9A6E-1686B6869814}.Debug|Any CPU.ActiveCfg = Debug|Any CPU
		{148CF7BB-01E7-453B-9A6E-1686B6869814}.Debug|Any CPU.Build.0 = Debug|Any CPU
		{148CF7BB-01E7-453B-9A6E-1686B6869814}.Release|Any CPU.ActiveCfg = Release|Any CPU
		{148CF7BB-01E7-453B-9A6E-1686B6869814}.Release|Any CPU.Build.0 = Release|Any CPU
	EndGlobalSection
	GlobalSection(SolutionProperties) = preSolution
		HideSolutionNode = FALSE
	EndGlobalSection
	GlobalSection(ExtensibilityGlobals) = postSolution
		SolutionGuid = {1B23CE23-2FFD-4E6A-B473-1348C7E111B9}
	EndGlobalSection
EndGlobal
