
Microsoft Visual Studio Solution File, Format Version 12.00
# Visual Studio Version 17
VisualStudioVersion = 17.5.33516.290
MinimumVisualStudioVersion = 10.0.40219.1
Project("{9A19103F-16F7-4668-BE54-9A1E7A4F7556}") = "01. Basic Stack Operations", "01. Basic Stack Operations\01. Basic Stack Operations.csproj", "{99454369-FB26-4BF0-90A0-AF4F58258B25}"
EndProject
Project("{9A19103F-16F7-4668-BE54-9A1E7A4F7556}") = "02. Basic Queue Operations", "02. Basic Queue Operations\02. Basic Queue Operations.csproj", "{7DFA3F95-7A34-4A4B-9A95-C7416C4DAA04}"
EndProject
Project("{9A19103F-16F7-4668-BE54-9A1E7A4F7556}") = "03. Maximum and Minimum Element", "03. Maximum and Minimum Element\03. Maximum and Minimum Element.csproj", "{10F377FB-007F-4945-B901-1E496FF27078}"
EndProject
Project("{9A19103F-16F7-4668-BE54-9A1E7A4F7556}") = "04. Fast Food", "04. Fast Food\04. Fast Food.csproj", "{1BF5E2BA-6A6F-48EE-A57C-6AFCED068943}"
EndProject
Project("{9A19103F-16F7-4668-BE54-9A1E7A4F7556}") = "05. Fashion Boutique", "05. Fashion Boutique\05. Fashion Boutique.csproj", "{F840F28F-C3C2-4351-807D-EB3C9443CB3C}"
EndProject
Project("{9A19103F-16F7-4668-BE54-9A1E7A4F7556}") = "06. Songs Queue", "06. Songs Queue\06. Songs Queue.csproj", "{A53CA3CD-4CDF-43D2-B01F-325D0E8B2245}"
EndProject
Project("{FAE04EC0-301F-11D3-BF4B-00C04F79EFBC}") = "07. Truck Tour", "07. Truck Tour\07. Truck Tour.csproj", "{A831CAE5-E82F-4792-98BA-C0A3A7844B62}"
EndProject
Project("{FAE04EC0-301F-11D3-BF4B-00C04F79EFBC}") = "08. Balanced Parenthesis", "08. Balanced Parenthesis\08. Balanced Parenthesis.csproj", "{A9C7AC69-71D9-40EB-96E6-AAF82601DDCE}"
EndProject
Project("{FAE04EC0-301F-11D3-BF4B-00C04F79EFBC}") = "09. Simple Text Editor", "09. Simple Text Editor\09. Simple Text Editor.csproj", "{03DCE3E4-4715-4FBC-83CB-FB7CD4D7980B}"
EndProject
Global
	GlobalSection(SolutionConfigurationPlatforms) = preSolution
		Debug|Any CPU = Debug|Any CPU
		Release|Any CPU = Release|Any CPU
	EndGlobalSection
	GlobalSection(ProjectConfigurationPlatforms) = postSolution
		{99454369-FB26-4BF0-90A0-AF4F58258B25}.Debug|Any CPU.ActiveCfg = Debug|Any CPU
		{99454369-FB26-4BF0-90A0-AF4F58258B25}.Debug|Any CPU.Build.0 = Debug|Any CPU
		{99454369-FB26-4BF0-90A0-AF4F58258B25}.Release|Any CPU.ActiveCfg = Release|Any CPU
		{99454369-FB26-4BF0-90A0-AF4F58258B25}.Release|Any CPU.Build.0 = Release|Any CPU
		{7DFA3F95-7A34-4A4B-9A95-C7416C4DAA04}.Debug|Any CPU.ActiveCfg = Debug|Any CPU
		{7DFA3F95-7A34-4A4B-9A95-C7416C4DAA04}.Debug|Any CPU.Build.0 = Debug|Any CPU
		{7DFA3F95-7A34-4A4B-9A95-C7416C4DAA04}.Release|Any CPU.ActiveCfg = Release|Any CPU
		{7DFA3F95-7A34-4A4B-9A95-C7416C4DAA04}.Release|Any CPU.Build.0 = Release|Any CPU
		{10F377FB-007F-4945-B901-1E496FF27078}.Debug|Any CPU.ActiveCfg = Debug|Any CPU
		{10F377FB-007F-4945-B901-1E496FF27078}.Debug|Any CPU.Build.0 = Debug|Any CPU
		{10F377FB-007F-4945-B901-1E496FF27078}.Release|Any CPU.ActiveCfg = Release|Any CPU
		{10F377FB-007F-4945-B901-1E496FF27078}.Release|Any CPU.Build.0 = Release|Any CPU
		{1BF5E2BA-6A6F-48EE-A57C-6AFCED068943}.Debug|Any CPU.ActiveCfg = Debug|Any CPU
		{1BF5E2BA-6A6F-48EE-A57C-6AFCED068943}.Debug|Any CPU.Build.0 = Debug|Any CPU
		{1BF5E2BA-6A6F-48EE-A57C-6AFCED068943}.Release|Any CPU.ActiveCfg = Release|Any CPU
		{1BF5E2BA-6A6F-48EE-A57C-6AFCED068943}.Release|Any CPU.Build.0 = Release|Any CPU
		{F840F28F-C3C2-4351-807D-EB3C9443CB3C}.Debug|Any CPU.ActiveCfg = Debug|Any CPU
		{F840F28F-C3C2-4351-807D-EB3C9443CB3C}.Debug|Any CPU.Build.0 = Debug|Any CPU
		{F840F28F-C3C2-4351-807D-EB3C9443CB3C}.Release|Any CPU.ActiveCfg = Release|Any CPU
		{F840F28F-C3C2-4351-807D-EB3C9443CB3C}.Release|Any CPU.Build.0 = Release|Any CPU
		{A53CA3CD-4CDF-43D2-B01F-325D0E8B2245}.Debug|Any CPU.ActiveCfg = Debug|Any CPU
		{A53CA3CD-4CDF-43D2-B01F-325D0E8B2245}.Debug|Any CPU.Build.0 = Debug|Any CPU
		{A53CA3CD-4CDF-43D2-B01F-325D0E8B2245}.Release|Any CPU.ActiveCfg = Release|Any CPU
		{A53CA3CD-4CDF-43D2-B01F-325D0E8B2245}.Release|Any CPU.Build.0 = Release|Any CPU
		{A831CAE5-E82F-4792-98BA-C0A3A7844B62}.Debug|Any CPU.ActiveCfg = Debug|Any CPU
		{A831CAE5-E82F-4792-98BA-C0A3A7844B62}.Debug|Any CPU.Build.0 = Debug|Any CPU
		{A831CAE5-E82F-4792-98BA-C0A3A7844B62}.Release|Any CPU.ActiveCfg = Release|Any CPU
		{A831CAE5-E82F-4792-98BA-C0A3A7844B62}.Release|Any CPU.Build.0 = Release|Any CPU
		{A9C7AC69-71D9-40EB-96E6-AAF82601DDCE}.Debug|Any CPU.ActiveCfg = Debug|Any CPU
		{A9C7AC69-71D9-40EB-96E6-AAF82601DDCE}.Debug|Any CPU.Build.0 = Debug|Any CPU
		{A9C7AC69-71D9-40EB-96E6-AAF82601DDCE}.Release|Any CPU.ActiveCfg = Release|Any CPU
		{A9C7AC69-71D9-40EB-96E6-AAF82601DDCE}.Release|Any CPU.Build.0 = Release|Any CPU
		{03DCE3E4-4715-4FBC-83CB-FB7CD4D7980B}.Debug|Any CPU.ActiveCfg = Debug|Any CPU
		{03DCE3E4-4715-4FBC-83CB-FB7CD4D7980B}.Debug|Any CPU.Build.0 = Debug|Any CPU
		{03DCE3E4-4715-4FBC-83CB-FB7CD4D7980B}.Release|Any CPU.ActiveCfg = Release|Any CPU
		{03DCE3E4-4715-4FBC-83CB-FB7CD4D7980B}.Release|Any CPU.Build.0 = Release|Any CPU
	EndGlobalSection
	GlobalSection(SolutionProperties) = preSolution
		HideSolutionNode = FALSE
	EndGlobalSection
	GlobalSection(ExtensibilityGlobals) = postSolution
		SolutionGuid = {0ED4EEF9-0E51-4692-9318-9D6A56371494}
	EndGlobalSection
EndGlobal
