
Microsoft Visual Studio Solution File, Format Version 12.00
# Visual Studio Version 17
VisualStudioVersion = 17.2.32630.192
MinimumVisualStudioVersion = 10.0.40219.1
Project("{FAE04EC0-301F-11D3-BF4B-00C04F79EFBC}") = "01. Dishwasher", "01. Dishwasher\01. Dishwasher.csproj", "{F669BE32-4822-4C3B-9D0D-AA879547EB7F}"
EndProject
Project("{FAE04EC0-301F-11D3-BF4B-00C04F79EFBC}") = "02. Report System", "02. Report System\02. Report System.csproj", "{1078C844-43B2-4203-8341-8FACDD3A51C7}"
EndProject
Project("{FAE04EC0-301F-11D3-BF4B-00C04F79EFBC}") = "03. Stream Of Letters", "03. Stream Of Letters\03. Stream Of Letters.csproj", "{15C3E58D-2661-4F8C-B579-6FE29CD389F7}"
EndProject
Project("{FAE04EC0-301F-11D3-BF4B-00C04F79EFBC}") = "04. Numbers Divided by 3 Without Reminder", "04. Numbers Divided by 3 Without Reminder\04. Numbers Divided by 3 Without Reminder.csproj", "{C2E8EEC8-F093-4F38-B4BF-7295094102C7}"
EndProject
Project("{FAE04EC0-301F-11D3-BF4B-00C04F79EFBC}") = "05. Average Number", "05. Average Number\05. Average Number.csproj", "{9257851E-8984-4767-B09A-B34A2F40BCB3}"
EndProject
Global
	GlobalSection(SolutionConfigurationPlatforms) = preSolution
		Debug|Any CPU = Debug|Any CPU
		Release|Any CPU = Release|Any CPU
	EndGlobalSection
	GlobalSection(ProjectConfigurationPlatforms) = postSolution
		{F669BE32-4822-4C3B-9D0D-AA879547EB7F}.Debug|Any CPU.ActiveCfg = Debug|Any CPU
		{F669BE32-4822-4C3B-9D0D-AA879547EB7F}.Debug|Any CPU.Build.0 = Debug|Any CPU
		{F669BE32-4822-4C3B-9D0D-AA879547EB7F}.Release|Any CPU.ActiveCfg = Release|Any CPU
		{F669BE32-4822-4C3B-9D0D-AA879547EB7F}.Release|Any CPU.Build.0 = Release|Any CPU
		{1078C844-43B2-4203-8341-8FACDD3A51C7}.Debug|Any CPU.ActiveCfg = Debug|Any CPU
		{1078C844-43B2-4203-8341-8FACDD3A51C7}.Debug|Any CPU.Build.0 = Debug|Any CPU
		{1078C844-43B2-4203-8341-8FACDD3A51C7}.Release|Any CPU.ActiveCfg = Release|Any CPU
		{1078C844-43B2-4203-8341-8FACDD3A51C7}.Release|Any CPU.Build.0 = Release|Any CPU
		{15C3E58D-2661-4F8C-B579-6FE29CD389F7}.Debug|Any CPU.ActiveCfg = Debug|Any CPU
		{15C3E58D-2661-4F8C-B579-6FE29CD389F7}.Debug|Any CPU.Build.0 = Debug|Any CPU
		{15C3E58D-2661-4F8C-B579-6FE29CD389F7}.Release|Any CPU.ActiveCfg = Release|Any CPU
		{15C3E58D-2661-4F8C-B579-6FE29CD389F7}.Release|Any CPU.Build.0 = Release|Any CPU
		{C2E8EEC8-F093-4F38-B4BF-7295094102C7}.Debug|Any CPU.ActiveCfg = Debug|Any CPU
		{C2E8EEC8-F093-4F38-B4BF-7295094102C7}.Debug|Any CPU.Build.0 = Debug|Any CPU
		{C2E8EEC8-F093-4F38-B4BF-7295094102C7}.Release|Any CPU.ActiveCfg = Release|Any CPU
		{C2E8EEC8-F093-4F38-B4BF-7295094102C7}.Release|Any CPU.Build.0 = Release|Any CPU
		{9257851E-8984-4767-B09A-B34A2F40BCB3}.Debug|Any CPU.ActiveCfg = Debug|Any CPU
		{9257851E-8984-4767-B09A-B34A2F40BCB3}.Debug|Any CPU.Build.0 = Debug|Any CPU
		{9257851E-8984-4767-B09A-B34A2F40BCB3}.Release|Any CPU.ActiveCfg = Release|Any CPU
		{9257851E-8984-4767-B09A-B34A2F40BCB3}.Release|Any CPU.Build.0 = Release|Any CPU
	EndGlobalSection
	GlobalSection(SolutionProperties) = preSolution
		HideSolutionNode = FALSE
	EndGlobalSection
	GlobalSection(ExtensibilityGlobals) = postSolution
		SolutionGuid = {3475A0B2-76C3-4075-9B52-81BEFBE4FA16}
	EndGlobalSection
EndGlobal
