
Microsoft Visual Studio Solution File, Format Version 12.00
# Visual Studio Version 17
VisualStudioVersion = 17.6.33723.286
MinimumVisualStudioVersion = 10.0.40219.1
Project("{9A19103F-16F7-4668-BE54-9A1E7A4F7556}") = "01.Stealer", "01.Stealer\01.Stealer.csproj", "{6BCEFC5C-59FD-4BCF-9828-570E3870C211}"
EndProject
Project("{9A19103F-16F7-4668-BE54-9A1E7A4F7556}") = "02.HighQualityMistakes", "02.HighQualityMistakes\02.HighQualityMistakes.csproj", "{E746C45F-EA21-4C73-A605-0BF08C52A9BF}"
EndProject
Project("{9A19103F-16F7-4668-BE54-9A1E7A4F7556}") = "03.MissionPrivateImpossible", "03.MissionPrivateImpossible\03.MissionPrivateImpossible.csproj", "{999E14D3-A109-40C4-BD3B-6A40B6F29ADA}"
EndProject
Project("{9A19103F-16F7-4668-BE54-9A1E7A4F7556}") = "04.Collector", "04.Collector\04.Collector.csproj", "{AAD98E31-FDD1-4AEA-AE21-759148F22D80}"
EndProject
Project("{9A19103F-16F7-4668-BE54-9A1E7A4F7556}") = "AuthorProblem", "05.CreateAttribute\AuthorProblem.csproj", "{BB82E6A4-31F4-4636-97DB-B14B0ACD7718}"
EndProject
Global
	GlobalSection(SolutionConfigurationPlatforms) = preSolution
		Debug|Any CPU = Debug|Any CPU
		Release|Any CPU = Release|Any CPU
	EndGlobalSection
	GlobalSection(ProjectConfigurationPlatforms) = postSolution
		{6BCEFC5C-59FD-4BCF-9828-570E3870C211}.Debug|Any CPU.ActiveCfg = Debug|Any CPU
		{6BCEFC5C-59FD-4BCF-9828-570E3870C211}.Debug|Any CPU.Build.0 = Debug|Any CPU
		{6BCEFC5C-59FD-4BCF-9828-570E3870C211}.Release|Any CPU.ActiveCfg = Release|Any CPU
		{6BCEFC5C-59FD-4BCF-9828-570E3870C211}.Release|Any CPU.Build.0 = Release|Any CPU
		{E746C45F-EA21-4C73-A605-0BF08C52A9BF}.Debug|Any CPU.ActiveCfg = Debug|Any CPU
		{E746C45F-EA21-4C73-A605-0BF08C52A9BF}.Debug|Any CPU.Build.0 = Debug|Any CPU
		{E746C45F-EA21-4C73-A605-0BF08C52A9BF}.Release|Any CPU.ActiveCfg = Release|Any CPU
		{E746C45F-EA21-4C73-A605-0BF08C52A9BF}.Release|Any CPU.Build.0 = Release|Any CPU
		{999E14D3-A109-40C4-BD3B-6A40B6F29ADA}.Debug|Any CPU.ActiveCfg = Debug|Any CPU
		{999E14D3-A109-40C4-BD3B-6A40B6F29ADA}.Debug|Any CPU.Build.0 = Debug|Any CPU
		{999E14D3-A109-40C4-BD3B-6A40B6F29ADA}.Release|Any CPU.ActiveCfg = Release|Any CPU
		{999E14D3-A109-40C4-BD3B-6A40B6F29ADA}.Release|Any CPU.Build.0 = Release|Any CPU
		{AAD98E31-FDD1-4AEA-AE21-759148F22D80}.Debug|Any CPU.ActiveCfg = Debug|Any CPU
		{AAD98E31-FDD1-4AEA-AE21-759148F22D80}.Debug|Any CPU.Build.0 = Debug|Any CPU
		{AAD98E31-FDD1-4AEA-AE21-759148F22D80}.Release|Any CPU.ActiveCfg = Release|Any CPU
		{AAD98E31-FDD1-4AEA-AE21-759148F22D80}.Release|Any CPU.Build.0 = Release|Any CPU
		{BB82E6A4-31F4-4636-97DB-B14B0ACD7718}.Debug|Any CPU.ActiveCfg = Debug|Any CPU
		{BB82E6A4-31F4-4636-97DB-B14B0ACD7718}.Debug|Any CPU.Build.0 = Debug|Any CPU
		{BB82E6A4-31F4-4636-97DB-B14B0ACD7718}.Release|Any CPU.ActiveCfg = Release|Any CPU
		{BB82E6A4-31F4-4636-97DB-B14B0ACD7718}.Release|Any CPU.Build.0 = Release|Any CPU
	EndGlobalSection
	GlobalSection(SolutionProperties) = preSolution
		HideSolutionNode = FALSE
	EndGlobalSection
	GlobalSection(ExtensibilityGlobals) = postSolution
		SolutionGuid = {4E69DEE2-94B7-4BF4-9CAE-8BE32DF26F19}
	EndGlobalSection
EndGlobal
