
Microsoft Visual Studio Solution File, Format Version 12.00
# Visual Studio Version 17
VisualStudioVersion = 17.6.33723.286
MinimumVisualStudioVersion = 10.0.40219.1
Project("{9A19103F-16F7-4668-BE54-9A1E7A4F7556}") = "01.RubberDuckDebugers", "01.RubberDuckDebugers\01.RubberDuckDebugers.csproj", "{9B6D68CF-FE05-42A3-92AA-09F4DE1956E5}"
EndProject
Project("{FAE04EC0-301F-11D3-BF4B-00C04F79EFBC}") = "02.TheSquirrel", "02.TheSquirrel\02.TheSquirrel.csproj", "{FC045886-CBF2-47A8-8FEF-2D6BFCB65512}"
EndProject
Global
	GlobalSection(SolutionConfigurationPlatforms) = preSolution
		Debug|Any CPU = Debug|Any CPU
		Release|Any CPU = Release|Any CPU
	EndGlobalSection
	GlobalSection(ProjectConfigurationPlatforms) = postSolution
		{9B6D68CF-FE05-42A3-92AA-09F4DE1956E5}.Debug|Any CPU.ActiveCfg = Debug|Any CPU
		{9B6D68CF-FE05-42A3-92AA-09F4DE1956E5}.Debug|Any CPU.Build.0 = Debug|Any CPU
		{9B6D68CF-FE05-42A3-92AA-09F4DE1956E5}.Release|Any CPU.ActiveCfg = Release|Any CPU
		{9B6D68CF-FE05-42A3-92AA-09F4DE1956E5}.Release|Any CPU.Build.0 = Release|Any CPU
		{FC045886-CBF2-47A8-8FEF-2D6BFCB65512}.Debug|Any CPU.ActiveCfg = Debug|Any CPU
		{FC045886-CBF2-47A8-8FEF-2D6BFCB65512}.Debug|Any CPU.Build.0 = Debug|Any CPU
		{FC045886-CBF2-47A8-8FEF-2D6BFCB65512}.Release|Any CPU.ActiveCfg = Release|Any CPU
		{FC045886-CBF2-47A8-8FEF-2D6BFCB65512}.Release|Any CPU.Build.0 = Release|Any CPU
	EndGlobalSection
	GlobalSection(SolutionProperties) = preSolution
		HideSolutionNode = FALSE
	EndGlobalSection
	GlobalSection(ExtensibilityGlobals) = postSolution
		SolutionGuid = {B6C99273-2719-4F73-BB0D-731226BBE39A}
	EndGlobalSection
EndGlobal
